// !$*UTF8*$!
{
	archiveVersion = 1;
	classes = {
	};
	objectVersion = 55;
	objects = {

/* Begin PBXBuildFile section */
		22A2FB524C4463CEA540AF44 /* Pods_PokemonApps.framework in Frameworks */ = {isa = PBXBuildFile; fileRef = D5DEE81E06E795352819A6D2 /* Pods_PokemonApps.framework */; };
		84834A3A2993512700BBE3B8 /* AppDelegate.swift in Sources */ = {isa = PBXBuildFile; fileRef = 84834A392993512700BBE3B8 /* AppDelegate.swift */; };
		84834A3C2993512700BBE3B8 /* SceneDelegate.swift in Sources */ = {isa = PBXBuildFile; fileRef = 84834A3B2993512700BBE3B8 /* SceneDelegate.swift */; };
		84834A3E2993512700BBE3B8 /* ViewController.swift in Sources */ = {isa = PBXBuildFile; fileRef = 84834A3D2993512700BBE3B8 /* ViewController.swift */; };
		84834A412993512700BBE3B8 /* Main.storyboard in Resources */ = {isa = PBXBuildFile; fileRef = 84834A3F2993512700BBE3B8 /* Main.storyboard */; };
		84834A442993512700BBE3B8 /* PokemonApps.xcdatamodeld in Sources */ = {isa = PBXBuildFile; fileRef = 84834A422993512700BBE3B8 /* PokemonApps.xcdatamodeld */; };
		84834A462993512900BBE3B8 /* Assets.xcassets in Resources */ = {isa = PBXBuildFile; fileRef = 84834A452993512900BBE3B8 /* Assets.xcassets */; };
		84834A492993512900BBE3B8 /* LaunchScreen.storyboard in Resources */ = {isa = PBXBuildFile; fileRef = 84834A472993512900BBE3B8 /* LaunchScreen.storyboard */; };
		84834A532993529000BBE3B8 /* ApiManager.swift in Sources */ = {isa = PBXBuildFile; fileRef = 84834A522993529000BBE3B8 /* ApiManager.swift */; };
		84834A55299352C100BBE3B8 /* Endpoint.swift in Sources */ = {isa = PBXBuildFile; fileRef = 84834A54299352C100BBE3B8 /* Endpoint.swift */; };
		84834A57299352F100BBE3B8 /* Constants.swift in Sources */ = {isa = PBXBuildFile; fileRef = 84834A56299352F100BBE3B8 /* Constants.swift */; };
		84834A5E2993571300BBE3B8 /* HomeVCPresenter.swift in Sources */ = {isa = PBXBuildFile; fileRef = 84834A582993571300BBE3B8 /* HomeVCPresenter.swift */; };
		84834A5F2993571300BBE3B8 /* HomeVCRouter.swift in Sources */ = {isa = PBXBuildFile; fileRef = 84834A592993571300BBE3B8 /* HomeVCRouter.swift */; };
		84834A602993571300BBE3B8 /* HomeVCInteractor.swift in Sources */ = {isa = PBXBuildFile; fileRef = 84834A5A2993571300BBE3B8 /* HomeVCInteractor.swift */; };
		84834A612993571300BBE3B8 /* HomeVCView.swift in Sources */ = {isa = PBXBuildFile; fileRef = 84834A5B2993571300BBE3B8 /* HomeVCView.swift */; };
		84834A622993571300BBE3B8 /* HomeVCView.xib in Resources */ = {isa = PBXBuildFile; fileRef = 84834A5C2993571300BBE3B8 /* HomeVCView.xib */; };
		84834A632993571300BBE3B8 /* HomeVCEntity.swift in Sources */ = {isa = PBXBuildFile; fileRef = 84834A5D2993571300BBE3B8 /* HomeVCEntity.swift */; };
		84834A6729935B1A00BBE3B8 /* ListPokemonCell.swift in Sources */ = {isa = PBXBuildFile; fileRef = 84834A6529935B1A00BBE3B8 /* ListPokemonCell.swift */; };
		84834A6829935B1A00BBE3B8 /* ListPokemonCell.xib in Resources */ = {isa = PBXBuildFile; fileRef = 84834A6629935B1A00BBE3B8 /* ListPokemonCell.xib */; };
		84834A6B2993676D00BBE3B8 /* DetailPokemon.swift in Sources */ = {isa = PBXBuildFile; fileRef = 84834A692993676D00BBE3B8 /* DetailPokemon.swift */; };
		84834A6C2993676D00BBE3B8 /* DetailPokemon.xib in Resources */ = {isa = PBXBuildFile; fileRef = 84834A6A2993676D00BBE3B8 /* DetailPokemon.xib */; };
		84834A7729938DFB00BBE3B8 /* MyPokemonView.swift in Sources */ = {isa = PBXBuildFile; fileRef = 84834A7129938DFB00BBE3B8 /* MyPokemonView.swift */; };
		84834A7829938DFB00BBE3B8 /* MyPokemonView.xib in Resources */ = {isa = PBXBuildFile; fileRef = 84834A7229938DFB00BBE3B8 /* MyPokemonView.xib */; };
		84834A7F2994F55D00BBE3B8 /* NicknamesView.swift in Sources */ = {isa = PBXBuildFile; fileRef = 84834A7D2994F55D00BBE3B8 /* NicknamesView.swift */; };
		84834A802994F55D00BBE3B8 /* NicknamesView.xib in Resources */ = {isa = PBXBuildFile; fileRef = 84834A7E2994F55D00BBE3B8 /* NicknamesView.xib */; };
/* End PBXBuildFile section */

/* Begin PBXFileReference section */
		4928F6E9E5DED60D6D81E335 /* Pods-PokemonApps.release.xcconfig */ = {isa = PBXFileReference; includeInIndex = 1; lastKnownFileType = text.xcconfig; name = "Pods-PokemonApps.release.xcconfig"; path = "Target Support Files/Pods-PokemonApps/Pods-PokemonApps.release.xcconfig"; sourceTree = "<group>"; };
		680D25563B6AE2F2C0C805D5 /* Pods-PokemonApps.debug.xcconfig */ = {isa = PBXFileReference; includeInIndex = 1; lastKnownFileType = text.xcconfig; name = "Pods-PokemonApps.debug.xcconfig"; path = "Target Support Files/Pods-PokemonApps/Pods-PokemonApps.debug.xcconfig"; sourceTree = "<group>"; };
		84834A362993512700BBE3B8 /* PokemonApps.app */ = {isa = PBXFileReference; explicitFileType = wrapper.application; includeInIndex = 0; path = PokemonApps.app; sourceTree = BUILT_PRODUCTS_DIR; };
		84834A392993512700BBE3B8 /* AppDelegate.swift */ = {isa = PBXFileReference; lastKnownFileType = sourcecode.swift; path = AppDelegate.swift; sourceTree = "<group>"; };
		84834A3B2993512700BBE3B8 /* SceneDelegate.swift */ = {isa = PBXFileReference; lastKnownFileType = sourcecode.swift; path = SceneDelegate.swift; sourceTree = "<group>"; };
		84834A3D2993512700BBE3B8 /* ViewController.swift */ = {isa = PBXFileReference; lastKnownFileType = sourcecode.swift; path = ViewController.swift; sourceTree = "<group>"; };
		84834A402993512700BBE3B8 /* Base */ = {isa = PBXFileReference; lastKnownFileType = file.storyboard; name = Base; path = Base.lproj/Main.storyboard; sourceTree = "<group>"; };
		84834A432993512700BBE3B8 /* PokemonApps.xcdatamodel */ = {isa = PBXFileReference; lastKnownFileType = wrapper.xcdatamodel; path = PokemonApps.xcdatamodel; sourceTree = "<group>"; };
		84834A452993512900BBE3B8 /* Assets.xcassets */ = {isa = PBXFileReference; lastKnownFileType = folder.assetcatalog; path = Assets.xcassets; sourceTree = "<group>"; };
		84834A482993512900BBE3B8 /* Base */ = {isa = PBXFileReference; lastKnownFileType = file.storyboard; name = Base; path = Base.lproj/LaunchScreen.storyboard; sourceTree = "<group>"; };
		84834A4A2993512900BBE3B8 /* Info.plist */ = {isa = PBXFileReference; lastKnownFileType = text.plist.xml; path = Info.plist; sourceTree = "<group>"; };
		84834A522993529000BBE3B8 /* ApiManager.swift */ = {isa = PBXFileReference; lastKnownFileType = sourcecode.swift; path = ApiManager.swift; sourceTree = "<group>"; };
		84834A54299352C100BBE3B8 /* Endpoint.swift */ = {isa = PBXFileReference; lastKnownFileType = sourcecode.swift; path = Endpoint.swift; sourceTree = "<group>"; };
		84834A56299352F100BBE3B8 /* Constants.swift */ = {isa = PBXFileReference; lastKnownFileType = sourcecode.swift; path = Constants.swift; sourceTree = "<group>"; };
		84834A582993571300BBE3B8 /* HomeVCPresenter.swift */ = {isa = PBXFileReference; lastKnownFileType = sourcecode.swift; path = HomeVCPresenter.swift; sourceTree = "<group>"; };
		84834A592993571300BBE3B8 /* HomeVCRouter.swift */ = {isa = PBXFileReference; lastKnownFileType = sourcecode.swift; path = HomeVCRouter.swift; sourceTree = "<group>"; };
		84834A5A2993571300BBE3B8 /* HomeVCInteractor.swift */ = {isa = PBXFileReference; lastKnownFileType = sourcecode.swift; path = HomeVCInteractor.swift; sourceTree = "<group>"; };
		84834A5B2993571300BBE3B8 /* HomeVCView.swift */ = {isa = PBXFileReference; lastKnownFileType = sourcecode.swift; path = HomeVCView.swift; sourceTree = "<group>"; };
		84834A5C2993571300BBE3B8 /* HomeVCView.xib */ = {isa = PBXFileReference; lastKnownFileType = file.xib; path = HomeVCView.xib; sourceTree = "<group>"; };
		84834A5D2993571300BBE3B8 /* HomeVCEntity.swift */ = {isa = PBXFileReference; lastKnownFileType = sourcecode.swift; path = HomeVCEntity.swift; sourceTree = "<group>"; };
		84834A6529935B1A00BBE3B8 /* ListPokemonCell.swift */ = {isa = PBXFileReference; lastKnownFileType = sourcecode.swift; path = ListPokemonCell.swift; sourceTree = "<group>"; };
		84834A6629935B1A00BBE3B8 /* ListPokemonCell.xib */ = {isa = PBXFileReference; lastKnownFileType = file.xib; path = ListPokemonCell.xib; sourceTree = "<group>"; };
		84834A692993676D00BBE3B8 /* DetailPokemon.swift */ = {isa = PBXFileReference; lastKnownFileType = sourcecode.swift; path = DetailPokemon.swift; sourceTree = "<group>"; };
		84834A6A2993676D00BBE3B8 /* DetailPokemon.xib */ = {isa = PBXFileReference; lastKnownFileType = file.xib; path = DetailPokemon.xib; sourceTree = "<group>"; };
		84834A7129938DFB00BBE3B8 /* MyPokemonView.swift */ = {isa = PBXFileReference; lastKnownFileType = sourcecode.swift; path = MyPokemonView.swift; sourceTree = "<group>"; };
		84834A7229938DFB00BBE3B8 /* MyPokemonView.xib */ = {isa = PBXFileReference; lastKnownFileType = file.xib; path = MyPokemonView.xib; sourceTree = "<group>"; };
		84834A7D2994F55D00BBE3B8 /* NicknamesView.swift */ = {isa = PBXFileReference; lastKnownFileType = sourcecode.swift; path = NicknamesView.swift; sourceTree = "<group>"; };
		84834A7E2994F55D00BBE3B8 /* NicknamesView.xib */ = {isa = PBXFileReference; lastKnownFileType = file.xib; path = NicknamesView.xib; sourceTree = "<group>"; };
		D5DEE81E06E795352819A6D2 /* Pods_PokemonApps.framework */ = {isa = PBXFileReference; explicitFileType = wrapper.framework; includeInIndex = 0; path = Pods_PokemonApps.framework; sourceTree = BUILT_PRODUCTS_DIR; };
/* End PBXFileReference section */

/* Begin PBXFrameworksBuildPhase section */
		84834A332993512700BBE3B8 /* Frameworks */ = {
			isa = PBXFrameworksBuildPhase;
			buildActionMask = 2147483647;
			files = (
				22A2FB524C4463CEA540AF44 /* Pods_PokemonApps.framework in Frameworks */,
			);
			runOnlyForDeploymentPostprocessing = 0;
		};
/* End PBXFrameworksBuildPhase section */

/* Begin PBXGroup section */
		84834A2D2993512700BBE3B8 = {
			isa = PBXGroup;
			children = (
				84834A382993512700BBE3B8 /* PokemonApps */,
				84834A372993512700BBE3B8 /* Products */,
				CB8BB09A6658A7FD9BEC6930 /* Pods */,
				CA21FBBCC55739A3E3660B4D /* Frameworks */,
			);
			sourceTree = "<group>";
		};
		84834A372993512700BBE3B8 /* Products */ = {
			isa = PBXGroup;
			children = (
				84834A362993512700BBE3B8 /* PokemonApps.app */,
			);
			name = Products;
			sourceTree = "<group>";
		};
		84834A382993512700BBE3B8 /* PokemonApps */ = {
			isa = PBXGroup;
			children = (
				84834A812995090600BBE3B8 /* Module */,
				84834A512993522000BBE3B8 /* Configuration */,
				84834A392993512700BBE3B8 /* AppDelegate.swift */,
				84834A3B2993512700BBE3B8 /* SceneDelegate.swift */,
				84834A3D2993512700BBE3B8 /* ViewController.swift */,
				84834A3F2993512700BBE3B8 /* Main.storyboard */,
				84834A452993512900BBE3B8 /* Assets.xcassets */,
				84834A472993512900BBE3B8 /* LaunchScreen.storyboard */,
				84834A4A2993512900BBE3B8 /* Info.plist */,
				84834A422993512700BBE3B8 /* PokemonApps.xcdatamodeld */,
			);
			path = PokemonApps;
			sourceTree = "<group>";
		};
		84834A502993521400BBE3B8 /* Home */ = {
			isa = PBXGroup;
			children = (
				84834A6429935AF700BBE3B8 /* Cell */,
				84834A582993571300BBE3B8 /* HomeVCPresenter.swift */,
				84834A592993571300BBE3B8 /* HomeVCRouter.swift */,
				84834A5A2993571300BBE3B8 /* HomeVCInteractor.swift */,
				84834A5B2993571300BBE3B8 /* HomeVCView.swift */,
				84834A5C2993571300BBE3B8 /* HomeVCView.xib */,
				84834A5D2993571300BBE3B8 /* HomeVCEntity.swift */,
			);
			path = Home;
			sourceTree = "<group>";
		};
		84834A512993522000BBE3B8 /* Configuration */ = {
			isa = PBXGroup;
			children = (
				84834A522993529000BBE3B8 /* ApiManager.swift */,
				84834A54299352C100BBE3B8 /* Endpoint.swift */,
				84834A56299352F100BBE3B8 /* Constants.swift */,
			);
			path = Configuration;
			sourceTree = "<group>";
		};
		84834A6429935AF700BBE3B8 /* Cell */ = {
			isa = PBXGroup;
			children = (
				84834A6529935B1A00BBE3B8 /* ListPokemonCell.swift */,
				84834A6629935B1A00BBE3B8 /* ListPokemonCell.xib */,
			);
			path = Cell;
			sourceTree = "<group>";
		};
		84834A6D29938DD000BBE3B8 /* MyPokemon */ = {
			isa = PBXGroup;
			children = (
				84834A7129938DFB00BBE3B8 /* MyPokemonView.swift */,
				84834A7229938DFB00BBE3B8 /* MyPokemonView.xib */,
			);
			path = MyPokemon;
			sourceTree = "<group>";
		};
		84834A7B2994F51200BBE3B8 /* DetailPokemon */ = {
			isa = PBXGroup;
			children = (
				84834A692993676D00BBE3B8 /* DetailPokemon.swift */,
				84834A6A2993676D00BBE3B8 /* DetailPokemon.xib */,
			);
			path = DetailPokemon;
			sourceTree = "<group>";
		};
		84834A7C2994F52F00BBE3B8 /* PopUpNickNames */ = {
			isa = PBXGroup;
			children = (
				84834A7D2994F55D00BBE3B8 /* NicknamesView.swift */,
				84834A7E2994F55D00BBE3B8 /* NicknamesView.xib */,
			);
			path = PopUpNickNames;
			sourceTree = "<group>";
		};
		84834A812995090600BBE3B8 /* Module */ = {
			isa = PBXGroup;
			children = (
				84834A7B2994F51200BBE3B8 /* DetailPokemon */,
				84834A7C2994F52F00BBE3B8 /* PopUpNickNames */,
				84834A6D29938DD000BBE3B8 /* MyPokemon */,
				84834A502993521400BBE3B8 /* Home */,
			);
			path = Module;
			sourceTree = "<group>";
		};
		CA21FBBCC55739A3E3660B4D /* Frameworks */ = {
			isa = PBXGroup;
			children = (
				D5DEE81E06E795352819A6D2 /* Pods_PokemonApps.framework */,
			);
			name = Frameworks;
			sourceTree = "<group>";
		};
		CB8BB09A6658A7FD9BEC6930 /* Pods */ = {
			isa = PBXGroup;
			children = (
				680D25563B6AE2F2C0C805D5 /* Pods-PokemonApps.debug.xcconfig */,
				4928F6E9E5DED60D6D81E335 /* Pods-PokemonApps.release.xcconfig */,
			);
			path = Pods;
			sourceTree = "<group>";
		};
/* End PBXGroup section */

/* Begin PBXNativeTarget section */
		84834A352993512700BBE3B8 /* PokemonApps */ = {
			isa = PBXNativeTarget;
			buildConfigurationList = 84834A4D2993512900BBE3B8 /* Build configuration list for PBXNativeTarget "PokemonApps" */;
			buildPhases = (
				B7C480BAB372A1EF05F65194 /* [CP] Check Pods Manifest.lock */,
				84834A322993512700BBE3B8 /* Sources */,
				84834A332993512700BBE3B8 /* Frameworks */,
				84834A342993512700BBE3B8 /* Resources */,
				D7106BD5DFE5F7ED896A3040 /* [CP] Embed Pods Frameworks */,
			);
			buildRules = (
			);
			dependencies = (
			);
			name = PokemonApps;
			productName = PokemonApps;
			productReference = 84834A362993512700BBE3B8 /* PokemonApps.app */;
			productType = "com.apple.product-type.application";
		};
/* End PBXNativeTarget section */

/* Begin PBXProject section */
		84834A2E2993512700BBE3B8 /* Project object */ = {
			isa = PBXProject;
			attributes = {
				BuildIndependentTargetsInParallel = 1;
				LastSwiftUpdateCheck = 1330;
				LastUpgradeCheck = 1330;
				TargetAttributes = {
					84834A352993512700BBE3B8 = {
						CreatedOnToolsVersion = 13.3;
					};
				};
			};
			buildConfigurationList = 84834A312993512700BBE3B8 /* Build configuration list for PBXProject "PokemonApps" */;
			compatibilityVersion = "Xcode 13.0";
			developmentRegion = en;
			hasScannedForEncodings = 0;
			knownRegions = (
				en,
				Base,
			);
			mainGroup = 84834A2D2993512700BBE3B8;
			productRefGroup = 84834A372993512700BBE3B8 /* Products */;
			projectDirPath = "";
			projectRoot = "";
			targets = (
				84834A352993512700BBE3B8 /* PokemonApps */,
			);
		};
/* End PBXProject section */

/* Begin PBXResourcesBuildPhase section */
		84834A342993512700BBE3B8 /* Resources */ = {
			isa = PBXResourcesBuildPhase;
			buildActionMask = 2147483647;
			files = (
				84834A6829935B1A00BBE3B8 /* ListPokemonCell.xib in Resources */,
				84834A7829938DFB00BBE3B8 /* MyPokemonView.xib in Resources */,
				84834A622993571300BBE3B8 /* HomeVCView.xib in Resources */,
				84834A6C2993676D00BBE3B8 /* DetailPokemon.xib in Resources */,
				84834A492993512900BBE3B8 /* LaunchScreen.storyboard in Resources */,
				84834A462993512900BBE3B8 /* Assets.xcassets in Resources */,
				84834A802994F55D00BBE3B8 /* NicknamesView.xib in Resources */,
				84834A412993512700BBE3B8 /* Main.storyboard in Resources */,
			);
			runOnlyForDeploymentPostprocessing = 0;
		};
/* End PBXResourcesBuildPhase section */

/* Begin PBXShellScriptBuildPhase section */
		B7C480BAB372A1EF05F65194 /* [CP] Check Pods Manifest.lock */ = {
			isa = PBXShellScriptBuildPhase;
			buildActionMask = 2147483647;
			files = (
			);
			inputFileListPaths = (
			);
			inputPaths = (
				"${PODS_PODFILE_DIR_PATH}/Podfile.lock",
				"${PODS_ROOT}/Manifest.lock",
			);
			name = "[CP] Check Pods Manifest.lock";
			outputFileListPaths = (
			);
			outputPaths = (
				"$(DERIVED_FILE_DIR)/Pods-PokemonApps-checkManifestLockResult.txt",
			);
			runOnlyForDeploymentPostprocessing = 0;
			shellPath = /bin/sh;
			shellScript = "diff \"${PODS_PODFILE_DIR_PATH}/Podfile.lock\" \"${PODS_ROOT}/Manifest.lock\" > /dev/null\nif [ $? != 0 ] ; then\n    # print error to STDERR\n    echo \"error: The sandbox is not in sync with the Podfile.lock. Run 'pod install' or update your CocoaPods installation.\" >&2\n    exit 1\nfi\n# This output is used by Xcode 'outputs' to avoid re-running this script phase.\necho \"SUCCESS\" > \"${SCRIPT_OUTPUT_FILE_0}\"\n";
			showEnvVarsInLog = 0;
		};
		D7106BD5DFE5F7ED896A3040 /* [CP] Embed Pods Frameworks */ = {
			isa = PBXShellScriptBuildPhase;
			buildActionMask = 2147483647;
			files = (
			);
			inputFileListPaths = (
				"${PODS_ROOT}/Target Support Files/Pods-PokemonApps/Pods-PokemonApps-frameworks-${CONFIGURATION}-input-files.xcfilelist",
			);
			name = "[CP] Embed Pods Frameworks";
			outputFileListPaths = (
				"${PODS_ROOT}/Target Support Files/Pods-PokemonApps/Pods-PokemonApps-frameworks-${CONFIGURATION}-output-files.xcfilelist",
			);
			runOnlyForDeploymentPostprocessing = 0;
			shellPath = /bin/sh;
			shellScript = "\"${PODS_ROOT}/Target Support Files/Pods-PokemonApps/Pods-PokemonApps-frameworks.sh\"\n";
			showEnvVarsInLog = 0;
		};
/* End PBXShellScriptBuildPhase section */

/* Begin PBXSourcesBuildPhase section */
		84834A322993512700BBE3B8 /* Sources */ = {
			isa = PBXSourcesBuildPhase;
			buildActionMask = 2147483647;
			files = (
				84834A3E2993512700BBE3B8 /* ViewController.swift in Sources */,
				84834A7729938DFB00BBE3B8 /* MyPokemonView.swift in Sources */,
				84834A6729935B1A00BBE3B8 /* ListPokemonCell.swift in Sources */,
				84834A6B2993676D00BBE3B8 /* DetailPokemon.swift in Sources */,
				84834A442993512700BBE3B8 /* PokemonApps.xcdatamodeld in Sources */,
				84834A5E2993571300BBE3B8 /* HomeVCPresenter.swift in Sources */,
				84834A532993529000BBE3B8 /* ApiManager.swift in Sources */,
				84834A632993571300BBE3B8 /* HomeVCEntity.swift in Sources */,
				84834A3A2993512700BBE3B8 /* AppDelegate.swift in Sources */,
				84834A57299352F100BBE3B8 /* Constants.swift in Sources */,
				84834A612993571300BBE3B8 /* HomeVCView.swift in Sources */,
				84834A7F2994F55D00BBE3B8 /* NicknamesView.swift in Sources */,
				84834A5F2993571300BBE3B8 /* HomeVCRouter.swift in Sources */,
				84834A55299352C100BBE3B8 /* Endpoint.swift in Sources */,
				84834A602993571300BBE3B8 /* HomeVCInteractor.swift in Sources */,
				84834A3C2993512700BBE3B8 /* SceneDelegate.swift in Sources */,
			);
			runOnlyForDeploymentPostprocessing = 0;
		};
/* End PBXSourcesBuildPhase section */

/* Begin PBXVariantGroup section */
		84834A3F2993512700BBE3B8 /* Main.storyboard */ = {
			isa = PBXVariantGroup;
			children = (
				84834A402993512700BBE3B8 /* Base */,
			);
			name = Main.storyboard;
			sourceTree = "<group>";
		};
		84834A472993512900BBE3B8 /* LaunchScreen.storyboard */ = {
			isa = PBXVariantGroup;
			children = (
				84834A482993512900BBE3B8 /* Base */,
			);
			name = LaunchScreen.storyboard;
			sourceTree = "<group>";
		};
/* End PBXVariantGroup section */

/* Begin XCBuildConfiguration section */
		84834A4B2993512900BBE3B8 /* Debug */ = {
			isa = XCBuildConfiguration;
			buildSettings = {
				ALWAYS_SEARCH_USER_PATHS = NO;
				CLANG_ANALYZER_NONNULL = YES;
				CLANG_ANALYZER_NUMBER_OBJECT_CONVERSION = YES_AGGRESSIVE;
				CLANG_CXX_LANGUAGE_STANDARD = "gnu++17";
				CLANG_ENABLE_MODULES = YES;
				CLANG_ENABLE_OBJC_ARC = YES;
				CLANG_ENABLE_OBJC_WEAK = YES;
				CLANG_WARN_BLOCK_CAPTURE_AUTORELEASING = YES;
				CLANG_WARN_BOOL_CONVERSION = YES;
				CLANG_WARN_COMMA = YES;
				CLANG_WARN_CONSTANT_CONVERSION = YES;
				CLANG_WARN_DEPRECATED_OBJC_IMPLEMENTATIONS = YES;
				CLANG_WARN_DIRECT_OBJC_ISA_USAGE = YES_ERROR;
				CLANG_WARN_DOCUMENTATION_COMMENTS = YES;
				CLANG_WARN_EMPTY_BODY = YES;
				CLANG_WARN_ENUM_CONVERSION = YES;
				CLANG_WARN_INFINITE_RECURSION = YES;
				CLANG_WARN_INT_CONVERSION = YES;
				CLANG_WARN_NON_LITERAL_NULL_CONVERSION = YES;
				CLANG_WARN_OBJC_IMPLICIT_RETAIN_SELF = YES;
				CLANG_WARN_OBJC_LITERAL_CONVERSION = YES;
				CLANG_WARN_OBJC_ROOT_CLASS = YES_ERROR;
				CLANG_WARN_QUOTED_INCLUDE_IN_FRAMEWORK_HEADER = YES;
				CLANG_WARN_RANGE_LOOP_ANALYSIS = YES;
				CLANG_WARN_STRICT_PROTOTYPES = YES;
				CLANG_WARN_SUSPICIOUS_MOVE = YES;
				CLANG_WARN_UNGUARDED_AVAILABILITY = YES_AGGRESSIVE;
				CLANG_WARN_UNREACHABLE_CODE = YES;
				CLANG_WARN__DUPLICATE_METHOD_MATCH = YES;
				COPY_PHASE_STRIP = NO;
				DEBUG_INFORMATION_FORMAT = dwarf;
				ENABLE_STRICT_OBJC_MSGSEND = YES;
				ENABLE_TESTABILITY = YES;
				GCC_C_LANGUAGE_STANDARD = gnu11;
				GCC_DYNAMIC_NO_PIC = NO;
				GCC_NO_COMMON_BLOCKS = YES;
				GCC_OPTIMIZATION_LEVEL = 0;
				GCC_PREPROCESSOR_DEFINITIONS = (
					"DEBUG=1",
					"$(inherited)",
				);
				GCC_WARN_64_TO_32_BIT_CONVERSION = YES;
				GCC_WARN_ABOUT_RETURN_TYPE = YES_ERROR;
				GCC_WARN_UNDECLARED_SELECTOR = YES;
				GCC_WARN_UNINITIALIZED_AUTOS = YES_AGGRESSIVE;
				GCC_WARN_UNUSED_FUNCTION = YES;
				GCC_WARN_UNUSED_VARIABLE = YES;
				IPHONEOS_DEPLOYMENT_TARGET = 15.4;
				MTL_ENABLE_DEBUG_INFO = INCLUDE_SOURCE;
				MTL_FAST_MATH = YES;
				ONLY_ACTIVE_ARCH = YES;
				SDKROOT = iphoneos;
				SWIFT_ACTIVE_COMPILATION_CONDITIONS = DEBUG;
				SWIFT_OPTIMIZATION_LEVEL = "-Onone";
			};
			name = Debug;
		};
		84834A4C2993512900BBE3B8 /* Release */ = {
			isa = XCBuildConfiguration;
			buildSettings = {
				ALWAYS_SEARCH_USER_PATHS = NO;
				CLANG_ANALYZER_NONNULL = YES;
				CLANG_ANALYZER_NUMBER_OBJECT_CONVERSION = YES_AGGRESSIVE;
				CLANG_CXX_LANGUAGE_STANDARD = "gnu++17";
				CLANG_ENABLE_MODULES = YES;
				CLANG_ENABLE_OBJC_ARC = YES;
				CLANG_ENABLE_OBJC_WEAK = YES;
				CLANG_WARN_BLOCK_CAPTURE_AUTORELEASING = YES;
				CLANG_WARN_BOOL_CONVERSION = YES;
				CLANG_WARN_COMMA = YES;
				CLANG_WARN_CONSTANT_CONVERSION = YES;
				CLANG_WARN_DEPRECATED_OBJC_IMPLEMENTATIONS = YES;
				CLANG_WARN_DIRECT_OBJC_ISA_USAGE = YES_ERROR;
				CLANG_WARN_DOCUMENTATION_COMMENTS = YES;
				CLANG_WARN_EMPTY_BODY = YES;
				CLANG_WARN_ENUM_CONVERSION = YES;
				CLANG_WARN_INFINITE_RECURSION = YES;
				CLANG_WARN_INT_CONVERSION = YES;
				CLANG_WARN_NON_LITERAL_NULL_CONVERSION = YES;
				CLANG_WARN_OBJC_IMPLICIT_RETAIN_SELF = YES;
				CLANG_WARN_OBJC_LITERAL_CONVERSION = YES;
				CLANG_WARN_OBJC_ROOT_CLASS = YES_ERROR;
				CLANG_WARN_QUOTED_INCLUDE_IN_FRAMEWORK_HEADER = YES;
				CLANG_WARN_RANGE_LOOP_ANALYSIS = YES;
				CLANG_WARN_STRICT_PROTOTYPES = YES;
				CLANG_WARN_SUSPICIOUS_MOVE = YES;
				CLANG_WARN_UNGUARDED_AVAILABILITY = YES_AGGRESSIVE;
				CLANG_WARN_UNREACHABLE_CODE = YES;
				CLANG_WARN__DUPLICATE_METHOD_MATCH = YES;
				COPY_PHASE_STRIP = NO;
				DEBUG_INFORMATION_FORMAT = "dwarf-with-dsym";
				ENABLE_NS_ASSERTIONS = NO;
				ENABLE_STRICT_OBJC_MSGSEND = YES;
				GCC_C_LANGUAGE_STANDARD = gnu11;
				GCC_NO_COMMON_BLOCKS = YES;
				GCC_WARN_64_TO_32_BIT_CONVERSION = YES;
				GCC_WARN_ABOUT_RETURN_TYPE = YES_ERROR;
				GCC_WARN_UNDECLARED_SELECTOR = YES;
				GCC_WARN_UNINITIALIZED_AUTOS = YES_AGGRESSIVE;
				GCC_WARN_UNUSED_FUNCTION = YES;
				GCC_WARN_UNUSED_VARIABLE = YES;
				IPHONEOS_DEPLOYMENT_TARGET = 15.4;
				MTL_ENABLE_DEBUG_INFO = NO;
				MTL_FAST_MATH = YES;
				SDKROOT = iphoneos;
				SWIFT_COMPILATION_MODE = wholemodule;
				SWIFT_OPTIMIZATION_LEVEL = "-O";
				VALIDATE_PRODUCT = YES;
			};
			name = Release;
		};
		84834A4E2993512900BBE3B8 /* Debug */ = {
			isa = XCBuildConfiguration;
			baseConfigurationReference = 680D25563B6AE2F2C0C805D5 /* Pods-PokemonApps.debug.xcconfig */;
			buildSettings = {
				ASSETCATALOG_COMPILER_APPICON_NAME = AppIcon;
				ASSETCATALOG_COMPILER_GLOBAL_ACCENT_COLOR_NAME = AccentColor;
				CODE_SIGN_STYLE = Automatic;
				CURRENT_PROJECT_VERSION = 1;
				GENERATE_INFOPLIST_FILE = YES;
				INFOPLIST_FILE = PokemonApps/Info.plist;
				INFOPLIST_KEY_UIApplicationSupportsIndirectInputEvents = YES;
				INFOPLIST_KEY_UILaunchStoryboardName = LaunchScreen;
				INFOPLIST_KEY_UIMainStoryboardFile = Main;
				INFOPLIST_KEY_UISupportedInterfaceOrientations_iPad = "UIInterfaceOrientationPortrait UIInterfaceOrientationPortraitUpsideDown UIInterfaceOrientationLandscapeLeft UIInterfaceOrientationLandscapeRight";
				INFOPLIST_KEY_UISupportedInterfaceOrientations_iPhone = "UIInterfaceOrientationPortrait UIInterfaceOrientationLandscapeLeft UIInterfaceOrientationLandscapeRight";
				LD_RUNPATH_SEARCH_PATHS = (
					"$(inherited)",
					"@executable_path/Frameworks",
				);
				MARKETING_VERSION = 1.0;
				PRODUCT_BUNDLE_IDENTIFIER = training.PokemonApps;
				PRODUCT_NAME = "$(TARGET_NAME)";
				SWIFT_EMIT_LOC_STRINGS = YES;
				SWIFT_VERSION = 5.0;
				TARGETED_DEVICE_FAMILY = "1,2";
			};
			name = Debug;
		};
		84834A4F2993512900BBE3B8 /* Release */ = {
			isa = XCBuildConfiguration;
			baseConfigurationReference = 4928F6E9E5DED60D6D81E335 /* Pods-PokemonApps.release.xcconfig */;
			buildSettings = {
				ASSETCATALOG_COMPILER_APPICON_NAME = AppIcon;
				ASSETCATALOG_COMPILER_GLOBAL_ACCENT_COLOR_NAME = AccentColor;
				CODE_SIGN_STYLE = Automatic;
				CURRENT_PROJECT_VERSION = 1;
				GENERATE_INFOPLIST_FILE = YES;
				INFOPLIST_FILE = PokemonApps/Info.plist;
				INFOPLIST_KEY_UIApplicationSupportsIndirectInputEvents = YES;
				INFOPLIST_KEY_UILaunchStoryboardName = LaunchScreen;
				INFOPLIST_KEY_UIMainStoryboardFile = Main;
				INFOPLIST_KEY_UISupportedInterfaceOrientations_iPad = "UIInterfaceOrientationPortrait UIInterfaceOrientationPortraitUpsideDown UIInterfaceOrientationLandscapeLeft UIInterfaceOrientationLandscapeRight";
				INFOPLIST_KEY_UISupportedInterfaceOrientations_iPhone = "UIInterfaceOrientationPortrait UIInterfaceOrientationLandscapeLeft UIInterfaceOrientationLandscapeRight";
				LD_RUNPATH_SEARCH_PATHS = (
					"$(inherited)",
					"@executable_path/Frameworks",
				);
				MARKETING_VERSION = 1.0;
				PRODUCT_BUNDLE_IDENTIFIER = training.PokemonApps;
				PRODUCT_NAME = "$(TARGET_NAME)";
				SWIFT_EMIT_LOC_STRINGS = YES;
				SWIFT_VERSION = 5.0;
				TARGETED_DEVICE_FAMILY = "1,2";
			};
			name = Release;
		};
/* End XCBuildConfiguration section */

/* Begin XCConfigurationList section */
		84834A312993512700BBE3B8 /* Build configuration list for PBXProject "PokemonApps" */ = {
			isa = XCConfigurationList;
			buildConfigurations = (
				84834A4B2993512900BBE3B8 /* Debug */,
				84834A4C2993512900BBE3B8 /* Release */,
			);
			defaultConfigurationIsVisible = 0;
			defaultConfigurationName = Release;
		};
		84834A4D2993512900BBE3B8 /* Build configuration list for PBXNativeTarget "PokemonApps" */ = {
			isa = XCConfigurationList;
			buildConfigurations = (
				84834A4E2993512900BBE3B8 /* Debug */,
				84834A4F2993512900BBE3B8 /* Release */,
			);
			defaultConfigurationIsVisible = 0;
			defaultConfigurationName = Release;
		};
/* End XCConfigurationList section */

/* Begin XCVersionGroup section */
		84834A422993512700BBE3B8 /* PokemonApps.xcdatamodeld */ = {
			isa = XCVersionGroup;
			children = (
				84834A432993512700BBE3B8 /* PokemonApps.xcdatamodel */,
			);
			currentVersion = 84834A432993512700BBE3B8 /* PokemonApps.xcdatamodel */;
			path = PokemonApps.xcdatamodeld;
			sourceTree = "<group>";
			versionGroupType = wrapper.xcdatamodel;
		};
/* End XCVersionGroup section */
	};
	rootObject = 84834A2E2993512700BBE3B8 /* Project object */;
}
